[[source]]
url = "https://pypi.org/simple"
verify_ssl = true
name = "pypi"

[packages]
fastapi = "*"
certifi = "*"
chardet = "*"
idna = "*"
requests = "*"
urllib3 = "*"
Pillow = "*"
starlette = "*"
pydantic = "*"
click = "*"
h11 = "*"
uvicorn = "*"
websockets = "*"


[dev-packages]

[requires]
python_version = "3.7"
